
Microsoft Visual Studio Solution File, Format Version 12.00
# Visual Studio Version 17
VisualStudioVersion = 17.11.35312.102
MinimumVisualStudioVersion = 10.0.40219.1
Project("{FAE04EC0-301F-11D3-BF4B-00C04F79EFBC}") = "PasswordGenerator.Api", "PasswordGenerator.Api\PasswordGenerator.Api.csproj", "{692406A4-D2A5-4B4A-A7A5-1156C4593E93}"
EndProject
Project("{FAE04EC0-301F-11D3-BF4B-00C04F79EFBC}") = "PasswordGenerator.Domain", "PasswordGenerator.Domain\PasswordGenerator.Domain.csproj", "{A7B4EDFF-3621-4A19-BAFC-A4755C67054F}"
EndProject
Project("{FAE04EC0-301F-11D3-BF4B-00C04F79EFBC}") = "PasswordGenerator.Database.Postgres", "PasswordGenerator.Database.Postgres\PasswordGenerator.Database.Postgres.csproj", "{6D686550-5F49-484D-9B4E-163ED0131F9E}"
EndProject
Project("{FAE04EC0-301F-11D3-BF4B-00C04F79EFBC}") = "PasswordGenerator.Services", "PasswordGenerator.Services\PasswordGenerator.Services.csproj", "{75B65D52-D591-4E34-BDF4-B3A86440DF66}"
EndProject
Global
	GlobalSection(SolutionConfigurationPlatforms) = preSolution
		Debug|Any CPU = Debug|Any CPU
		Release|Any CPU = Release|Any CPU
	EndGlobalSection
	GlobalSection(ProjectConfigurationPlatforms) = postSolution
		{692406A4-D2A5-4B4A-A7A5-1156C4593E93}.Debug|Any CPU.ActiveCfg = Debug|Any CPU
		{692406A4-D2A5-4B4A-A7A5-1156C4593E93}.Debug|Any CPU.Build.0 = Debug|Any CPU
		{692406A4-D2A5-4B4A-A7A5-1156C4593E93}.Release|Any CPU.ActiveCfg = Release|Any CPU
		{692406A4-D2A5-4B4A-A7A5-1156C4593E93}.Release|Any CPU.Build.0 = Release|Any CPU
		{A7B4EDFF-3621-4A19-BAFC-A4755C67054F}.Debug|Any CPU.ActiveCfg = Debug|Any CPU
		{A7B4EDFF-3621-4A19-BAFC-A4755C67054F}.Debug|Any CPU.Build.0 = Debug|Any CPU
		{A7B4EDFF-3621-4A19-BAFC-A4755C67054F}.Release|Any CPU.ActiveCfg = Release|Any CPU
		{A7B4EDFF-3621-4A19-BAFC-A4755C67054F}.Release|Any CPU.Build.0 = Release|Any CPU
		{6D686550-5F49-484D-9B4E-163ED0131F9E}.Debug|Any CPU.ActiveCfg = Debug|Any CPU
		{6D686550-5F49-484D-9B4E-163ED0131F9E}.Debug|Any CPU.Build.0 = Debug|Any CPU
		{6D686550-5F49-484D-9B4E-163ED0131F9E}.Release|Any CPU.ActiveCfg = Release|Any CPU
		{6D686550-5F49-484D-9B4E-163ED0131F9E}.Release|Any CPU.Build.0 = Release|Any CPU
		{75B65D52-D591-4E34-BDF4-B3A86440DF66}.Debug|Any CPU.ActiveCfg = Debug|Any CPU
		{75B65D52-D591-4E34-BDF4-B3A86440DF66}.Debug|Any CPU.Build.0 = Debug|Any CPU
		{75B65D52-D591-4E34-BDF4-B3A86440DF66}.Release|Any CPU.ActiveCfg = Release|Any CPU
		{75B65D52-D591-4E34-BDF4-B3A86440DF66}.Release|Any CPU.Build.0 = Release|Any CPU
	EndGlobalSection
	GlobalSection(SolutionProperties) = preSolution
		HideSolutionNode = FALSE
	EndGlobalSection
	GlobalSection(ExtensibilityGlobals) = postSolution
		SolutionGuid = {4C5FC2AA-55A6-474A-96CB-E67859407BD9}
	EndGlobalSection
EndGlobal
